// !$*UTF8*$!
{
	archiveVersion = 1;
	classes = {
	};
	objectVersion = 46;
	objects = {

/* Begin PBXBuildFile section */
		DDF339F31C130CEC00F5A718 /* main.c in Sources */ = {isa = PBXBuildFile; fileRef = DDF339F21C130CEC00F5A718 /* main.c */; };
/* End PBXBuildFile section */

/* Begin PBXCopyFilesBuildPhase section */
		DDF339ED1C130CEC00F5A718 /* CopyFiles */ = {
			isa = PBXCopyFilesBuildPhase;
			buildActionMask = 2147483647;
			dstPath = /usr/share/man/man1/;
			dstSubfolderSpec = 0;
			files = (
			);
			runOnlyForDeploymentPostprocessing = 1;
		};
/* End PBXCopyFilesBuildPhase section */

/* Begin PBXFileReference section */
		DDF339EF1C130CEC00F5A718 /* Hello_world_crazy */ = {isa = PBXFileReference; explicitFileType = "compiled.mach-o.executable"; includeInIndex = 0; path = Hello_world_crazy; sourceTree = BUILT_PRODUCTS_DIR; };
		DDF339F21C130CEC00F5A718 /* main.c */ = {isa = PBXFileReference; lastKnownFileType = sourcecode.c.c; path = main.c; sourceTree = "<group>"; };
/* End PBXFileReference section */

/* Begin PBXFrameworksBuildPhase section */
		DDF339EC1C130CEC00F5A718 /* Frameworks */ = {
			isa = PBXFrameworksBuildPhase;
			buildActionMask = 2147483647;
			files = (
			);
			runOnlyForDeploymentPostprocessing = 0;
		};
/* End PBXFrameworksBuildPhase section */

/* Begin PBXGroup section */
		DDF339E61C130CEC00F5A718 = {
			isa = PBXGroup;
			children = (
				DDF339F11C130CEC00F5A718 /* Hello_world_crazy */,
				DDF339F01C130CEC00F5A718 /* Products */,
			);
			sourceTree = "<group>";
		};
		DDF339F01C130CEC00F5A718 /* Products */ = {
			isa = PBXGroup;
			children = (
				DDF339EF1C130CEC00F5A718 /* Hello_world_crazy */,
			);
			name = Products;
			sourceTree = "<group>";
		};
		DDF339F11C130CEC00F5A718 /* Hello_world_crazy */ = {
			isa = PBXGroup;
			children = (
				DDF339F21C130CEC00F5A718 /* main.c */,
			);
			path = Hello_world_crazy;
			sourceTree = "<group>";
		};
/* End PBXGroup section */

/* Begin PBXNativeTarget section */
		DDF339EE1C130CEC00F5A718 /* Hello_world_crazy */ = {
			isa = PBXNativeTarget;
			buildConfigurationList = DDF339F61C130CEC00F5A718 /* Build configuration list for PBXNativeTarget "Hello_world_crazy" */;
			buildPhases = (
				DDF339EB1C130CEC00F5A718 /* Sources */,
				DDF339EC1C130CEC00F5A718 /* Frameworks */,
				DDF339ED1C130CEC00F5A718 /* CopyFiles */,
			);
			buildRules = (
			);
			dependencies = (
			);
			name = Hello_world_crazy;
			productName = Hello_world_crazy;
			productReference = DDF339EF1C130CEC00F5A718 /* Hello_world_crazy */;
			productType = "com.apple.product-type.tool";
		};
/* End PBXNativeTarget section */

/* Begin PBXProject section */
		DDF339E71C130CEC00F5A718 /* Project object */ = {
			isa = PBXProject;
			attributes = {
				LastUpgradeCheck = 0700;
				ORGANIZATIONNAME = QY;
				TargetAttributes = {
					DDF339EE1C130CEC00F5A718 = {
						CreatedOnToolsVersion = 7.0.1;
					};
				};
			};
			buildConfigurationList = DDF339EA1C130CEC00F5A718 /* Build configuration list for PBXProject "Hello_world_crazy" */;
			compatibilityVersion = "Xcode 3.2";
			developmentRegion = English;
			hasScannedForEncodings = 0;
			knownRegions = (
				en,
			);
			mainGroup = DDF339E61C130CEC00F5A718;
			productRefGroup = DDF339F01C130CEC00F5A718 /* Products */;
			projectDirPath = "";
			projectRoot = "";
			targets = (
				DDF339EE1C130CEC00F5A718 /* Hello_world_crazy */,
			);
		};
/* End PBXProject section */

/* Begin PBXSourcesBuildPhase section */
		DDF339EB1C130CEC00F5A718 /* Sources */ = {
			isa = PBXSourcesBuildPhase;
			buildActionMask = 2147483647;
			files = (
				DDF339F31C130CEC00F5A718 /* main.c in Sources */,
			);
			runOnlyForDeploymentPostprocessing = 0;
		};
/* End PBXSourcesBuildPhase section */

/* Begin XCBuildConfiguration section */
		DDF339F41C130CEC00F5A718 /* Debug */ = {
			isa = XCBuildConfiguration;
			buildSettings = {
				ALWAYS_SEARCH_USER_PATHS = NO;
				CLANG_CXX_LANGUAGE_STANDARD = "gnu++0x";
				CLANG_CXX_LIBRARY = "libc++";
				CLANG_ENABLE_MODULES = YES;
				CLANG_ENABLE_OBJC_ARC = YES;
				CLANG_WARN_BOOL_CONVERSION = YES;
				CLANG_WARN_CONSTANT_CONVERSION = YES;
				CLANG_WARN_DIRECT_OBJC_ISA_USAGE = YES_ERROR;
				CLANG_WARN_EMPTY_BODY = YES;
				CLANG_WARN_ENUM_CONVERSION = YES;
				CLANG_WARN_INT_CONVERSION = YES;
				CLANG_WARN_OBJC_ROOT_CLASS = YES_ERROR;
				CLANG_WARN_UNREACHABLE_CODE = YES;
				CLANG_WARN__DUPLICATE_METHOD_MATCH = YES;
				COPY_PHASE_STRIP = NO;
				DEBUG_INFORMATION_FORMAT = dwarf;
				ENABLE_STRICT_OBJC_MSGSEND = YES;
				ENABLE_TESTABILITY = YES;
				GCC_C_LANGUAGE_STANDARD = gnu99;
				GCC_DYNAMIC_NO_PIC = NO;
				GCC_NO_COMMON_BLOCKS = YES;
				GCC_OPTIMIZATION_LEVEL = 0;
				GCC_PREPROCESSOR_DEFINITIONS = (
					"DEBUG=1",
					"$(inherited)",
				);
				GCC_WARN_64_TO_32_BIT_CONVERSION = YES;
				GCC_WARN_ABOUT_RETURN_TYPE = YES_ERROR;
				GCC_WARN_UNDECLARED_SELECTOR = YES;
				GCC_WARN_UNINITIALIZED_AUTOS = YES_AGGRESSIVE;
				GCC_WARN_UNUSED_FUNCTION = YES;
				GCC_WARN_UNUSED_VARIABLE = YES;
				MACOSX_DEPLOYMENT_TARGET = 10.10;
				MTL_ENABLE_DEBUG_INFO = YES;
				ONLY_ACTIVE_ARCH = YES;
				SDKROOT = macosx;
			};
			name = Debug;
		};
		DDF339F51C130CEC00F5A718 /* Release */ = {
			isa = XCBuildConfiguration;
			buildSettings = {
				ALWAYS_SEARCH_USER_PATHS = NO;
				CLANG_CXX_LANGUAGE_STANDARD = "gnu++0x";
				CLANG_CXX_LIBRARY = "libc++";
				CLANG_ENABLE_MODULES = YES;
				CLANG_ENABLE_OBJC_ARC = YES;
				CLANG_WARN_BOOL_CONVERSION = YES;
				CLANG_WARN_CONSTANT_CONVERSION = YES;
				CLANG_WARN_DIRECT_OBJC_ISA_USAGE = YES_ERROR;
				CLANG_WARN_EMPTY_BODY = YES;
				CLANG_WARN_ENUM_CONVERSION = YES;
				CLANG_WARN_INT_CONVERSION = YES;
				CLANG_WARN_OBJC_ROOT_CLASS = YES_ERROR;
				CLANG_WARN_UNREACHABLE_CODE = YES;
				CLANG_WARN__DUPLICATE_METHOD_MATCH = YES;
				COPY_PHASE_STRIP = NO;
				DEBUG_INFORMATION_FORMAT = "dwarf-with-dsym";
				ENABLE_NS_ASSERTIONS = NO;
				ENABLE_STRICT_OBJC_MSGSEND = YES;
				GCC_C_LANGUAGE_STANDARD = gnu99;
				GCC_NO_COMMON_BLOCKS = YES;
				GCC_WARN_64_TO_32_BIT_CONVERSION = YES;
				GCC_WARN_ABOUT_RETURN_TYPE = YES_ERROR;
				GCC_WARN_UNDECLARED_SELECTOR = YES;
				GCC_WARN_UNINITIALIZED_AUTOS = YES_AGGRESSIVE;
				GCC_WARN_UNUSED_FUNCTION = YES;
				GCC_WARN_UNUSED_VARIABLE = YES;
				MACOSX_DEPLOYMENT_TARGET = 10.10;
				MTL_ENABLE_DEBUG_INFO = NO;
				SDKROOT = macosx;
			};
			name = Release;
		};
		DDF339F71C130CEC00F5A718 /* Debug */ = {
			isa = XCBuildConfiguration;
			buildSettings = {
				PRODUCT_NAME = "$(TARGET_NAME)";
			};
			name = Debug;
		};
		DDF339F81C130CEC00F5A718 /* Release */ = {
			isa = XCBuildConfiguration;
			buildSettings = {
				PRODUCT_NAME = "$(TARGET_NAME)";
			};
			name = Release;
		};
/* End XCBuildConfiguration section */

/* Begin XCConfigurationList section */
		DDF339EA1C130CEC00F5A718 /* Build configuration list for PBXProject "Hello_world_crazy" */ = {
			isa = XCConfigurationList;
			buildConfigurations = (
				DDF339F41C130CEC00F5A718 /* Debug */,
				DDF339F51C130CEC00F5A718 /* Release */,
			);
			defaultConfigurationIsVisible = 0;
			defaultConfigurationName = Release;
		};
		DDF339F61C130CEC00F5A718 /* Build configuration list for PBXNativeTarget "Hello_world_crazy" */ = {
			isa = XCConfigurationList;
			buildConfigurations = (
				DDF339F71C130CEC00F5A718 /* Debug */,
				DDF339F81C130CEC00F5A718 /* Release */,
			);
			defaultConfigurationIsVisible = 0;
		};
/* End XCConfigurationList section */
	};
	rootObject = DDF339E71C130CEC00F5A718 /* Project object */;
}
