// !$*UTF8*$!
{
	archiveVersion = 1;
	classes = {
	};
	objectVersion = 46;
	objects = {

/* Begin PBXBuildFile section */
		DD1058F91BFAEAB200B1D7AB /* main.cpp in Sources */ = {isa = PBXBuildFile; fileRef = DD1058F81BFAEAB200B1D7AB /* main.cpp */; };
/* End PBXBuildFile section */

/* Begin PBXCopyFilesBuildPhase section */
		DD1058F31BFAEAB200B1D7AB /* CopyFiles */ = {
			isa = PBXCopyFilesBuildPhase;
			buildActionMask = 2147483647;
			dstPath = /usr/share/man/man1/;
			dstSubfolderSpec = 0;
			files = (
			);
			runOnlyForDeploymentPostprocessing = 1;
		};
/* End PBXCopyFilesBuildPhase section */

/* Begin PBXFileReference section */
		DD1058F51BFAEAB200B1D7AB /* Practise_08 */ = {isa = PBXFileReference; explicitFileType = "compiled.mach-o.executable"; includeInIndex = 0; path = Practise_08; sourceTree = BUILT_PRODUCTS_DIR; };
		DD1058F81BFAEAB200B1D7AB /* main.cpp */ = {isa = PBXFileReference; lastKnownFileType = sourcecode.cpp.cpp; path = main.cpp; sourceTree = "<group>"; };
		DD1058FF1BFAEBFE00B1D7AB /* main.h */ = {isa = PBXFileReference; lastKnownFileType = sourcecode.c.h; path = main.h; sourceTree = "<group>"; };
/* End PBXFileReference section */

/* Begin PBXFrameworksBuildPhase section */
		DD1058F21BFAEAB200B1D7AB /* Frameworks */ = {
			isa = PBXFrameworksBuildPhase;
			buildActionMask = 2147483647;
			files = (
			);
			runOnlyForDeploymentPostprocessing = 0;
		};
/* End PBXFrameworksBuildPhase section */

/* Begin PBXGroup section */
		DD1058EC1BFAEAB200B1D7AB = {
			isa = PBXGroup;
			children = (
				DD1058F71BFAEAB200B1D7AB /* Practise_08 */,
				DD1058F61BFAEAB200B1D7AB /* Products */,
			);
			sourceTree = "<group>";
		};
		DD1058F61BFAEAB200B1D7AB /* Products */ = {
			isa = PBXGroup;
			children = (
				DD1058F51BFAEAB200B1D7AB /* Practise_08 */,
			);
			name = Products;
			sourceTree = "<group>";
		};
		DD1058F71BFAEAB200B1D7AB /* Practise_08 */ = {
			isa = PBXGroup;
			children = (
				DD1058F81BFAEAB200B1D7AB /* main.cpp */,
				DD1058FF1BFAEBFE00B1D7AB /* main.h */,
			);
			path = Practise_08;
			sourceTree = "<group>";
		};
/* End PBXGroup section */

/* Begin PBXNativeTarget section */
		DD1058F41BFAEAB200B1D7AB /* Practise_08 */ = {
			isa = PBXNativeTarget;
			buildConfigurationList = DD1058FC1BFAEAB200B1D7AB /* Build configuration list for PBXNativeTarget "Practise_08" */;
			buildPhases = (
				DD1058F11BFAEAB200B1D7AB /* Sources */,
				DD1058F21BFAEAB200B1D7AB /* Frameworks */,
				DD1058F31BFAEAB200B1D7AB /* CopyFiles */,
			);
			buildRules = (
			);
			dependencies = (
			);
			name = Practise_08;
			productName = Practise_08;
			productReference = DD1058F51BFAEAB200B1D7AB /* Practise_08 */;
			productType = "com.apple.product-type.tool";
		};
/* End PBXNativeTarget section */

/* Begin PBXProject section */
		DD1058ED1BFAEAB200B1D7AB /* Project object */ = {
			isa = PBXProject;
			attributes = {
				LastUpgradeCheck = 0700;
				ORGANIZATIONNAME = QY;
				TargetAttributes = {
					DD1058F41BFAEAB200B1D7AB = {
						CreatedOnToolsVersion = 7.0.1;
					};
				};
			};
			buildConfigurationList = DD1058F01BFAEAB200B1D7AB /* Build configuration list for PBXProject "Practise_08" */;
			compatibilityVersion = "Xcode 3.2";
			developmentRegion = English;
			hasScannedForEncodings = 0;
			knownRegions = (
				en,
			);
			mainGroup = DD1058EC1BFAEAB200B1D7AB;
			productRefGroup = DD1058F61BFAEAB200B1D7AB /* Products */;
			projectDirPath = "";
			projectRoot = "";
			targets = (
				DD1058F41BFAEAB200B1D7AB /* Practise_08 */,
			);
		};
/* End PBXProject section */

/* Begin PBXSourcesBuildPhase section */
		DD1058F11BFAEAB200B1D7AB /* Sources */ = {
			isa = PBXSourcesBuildPhase;
			buildActionMask = 2147483647;
			files = (
				DD1058F91BFAEAB200B1D7AB /* main.cpp in Sources */,
			);
			runOnlyForDeploymentPostprocessing = 0;
		};
/* End PBXSourcesBuildPhase section */

/* Begin XCBuildConfiguration section */
		DD1058FA1BFAEAB200B1D7AB /* Debug */ = {
			isa = XCBuildConfiguration;
			buildSettings = {
				ALWAYS_SEARCH_USER_PATHS = NO;
				CLANG_CXX_LANGUAGE_STANDARD = "gnu++0x";
				CLANG_CXX_LIBRARY = "libc++";
				CLANG_ENABLE_MODULES = YES;
				CLANG_ENABLE_OBJC_ARC = YES;
				CLANG_WARN_BOOL_CONVERSION = YES;
				CLANG_WARN_CONSTANT_CONVERSION = YES;
				CLANG_WARN_DIRECT_OBJC_ISA_USAGE = YES_ERROR;
				CLANG_WARN_EMPTY_BODY = YES;
				CLANG_WARN_ENUM_CONVERSION = YES;
				CLANG_WARN_INT_CONVERSION = YES;
				CLANG_WARN_OBJC_ROOT_CLASS = YES_ERROR;
				CLANG_WARN_UNREACHABLE_CODE = YES;
				CLANG_WARN__DUPLICATE_METHOD_MATCH = YES;
				COPY_PHASE_STRIP = NO;
				DEBUG_INFORMATION_FORMAT = dwarf;
				ENABLE_STRICT_OBJC_MSGSEND = YES;
				ENABLE_TESTABILITY = YES;
				GCC_C_LANGUAGE_STANDARD = gnu99;
				GCC_DYNAMIC_NO_PIC = NO;
				GCC_NO_COMMON_BLOCKS = YES;
				GCC_OPTIMIZATION_LEVEL = 0;
				GCC_PREPROCESSOR_DEFINITIONS = (
					"DEBUG=1",
					"$(inherited)",
				);
				GCC_WARN_64_TO_32_BIT_CONVERSION = YES;
				GCC_WARN_ABOUT_RETURN_TYPE = YES_ERROR;
				GCC_WARN_UNDECLARED_SELECTOR = YES;
				GCC_WARN_UNINITIALIZED_AUTOS = YES_AGGRESSIVE;
				GCC_WARN_UNUSED_FUNCTION = YES;
				GCC_WARN_UNUSED_VARIABLE = YES;
				MACOSX_DEPLOYMENT_TARGET = 10.10;
				MTL_ENABLE_DEBUG_INFO = YES;
				ONLY_ACTIVE_ARCH = YES;
				SDKROOT = macosx;
			};
			name = Debug;
		};
		DD1058FB1BFAEAB200B1D7AB /* Release */ = {
			isa = XCBuildConfiguration;
			buildSettings = {
				ALWAYS_SEARCH_USER_PATHS = NO;
				CLANG_CXX_LANGUAGE_STANDARD = "gnu++0x";
				CLANG_CXX_LIBRARY = "libc++";
				CLANG_ENABLE_MODULES = YES;
				CLANG_ENABLE_OBJC_ARC = YES;
				CLANG_WARN_BOOL_CONVERSION = YES;
				CLANG_WARN_CONSTANT_CONVERSION = YES;
				CLANG_WARN_DIRECT_OBJC_ISA_USAGE = YES_ERROR;
				CLANG_WARN_EMPTY_BODY = YES;
				CLANG_WARN_ENUM_CONVERSION = YES;
				CLANG_WARN_INT_CONVERSION = YES;
				CLANG_WARN_OBJC_ROOT_CLASS = YES_ERROR;
				CLANG_WARN_UNREACHABLE_CODE = YES;
				CLANG_WARN__DUPLICATE_METHOD_MATCH = YES;
				COPY_PHASE_STRIP = NO;
				DEBUG_INFORMATION_FORMAT = "dwarf-with-dsym";
				ENABLE_NS_ASSERTIONS = NO;
				ENABLE_STRICT_OBJC_MSGSEND = YES;
				GCC_C_LANGUAGE_STANDARD = gnu99;
				GCC_NO_COMMON_BLOCKS = YES;
				GCC_WARN_64_TO_32_BIT_CONVERSION = YES;
				GCC_WARN_ABOUT_RETURN_TYPE = YES_ERROR;
				GCC_WARN_UNDECLARED_SELECTOR = YES;
				GCC_WARN_UNINITIALIZED_AUTOS = YES_AGGRESSIVE;
				GCC_WARN_UNUSED_FUNCTION = YES;
				GCC_WARN_UNUSED_VARIABLE = YES;
				MACOSX_DEPLOYMENT_TARGET = 10.10;
				MTL_ENABLE_DEBUG_INFO = NO;
				SDKROOT = macosx;
			};
			name = Release;
		};
		DD1058FD1BFAEAB200B1D7AB /* Debug */ = {
			isa = XCBuildConfiguration;
			buildSettings = {
				PRODUCT_NAME = "$(TARGET_NAME)";
			};
			name = Debug;
		};
		DD1058FE1BFAEAB200B1D7AB /* Release */ = {
			isa = XCBuildConfiguration;
			buildSettings = {
				PRODUCT_NAME = "$(TARGET_NAME)";
			};
			name = Release;
		};
/* End XCBuildConfiguration section */

/* Begin XCConfigurationList section */
		DD1058F01BFAEAB200B1D7AB /* Build configuration list for PBXProject "Practise_08" */ = {
			isa = XCConfigurationList;
			buildConfigurations = (
				DD1058FA1BFAEAB200B1D7AB /* Debug */,
				DD1058FB1BFAEAB200B1D7AB /* Release */,
			);
			defaultConfigurationIsVisible = 0;
			defaultConfigurationName = Release;
		};
		DD1058FC1BFAEAB200B1D7AB /* Build configuration list for PBXNativeTarget "Practise_08" */ = {
			isa = XCConfigurationList;
			buildConfigurations = (
				DD1058FD1BFAEAB200B1D7AB /* Debug */,
				DD1058FE1BFAEAB200B1D7AB /* Release */,
			);
			defaultConfigurationIsVisible = 0;
		};
/* End XCConfigurationList section */
	};
	rootObject = DD1058ED1BFAEAB200B1D7AB /* Project object */;
}
